// !$*UTF8*$!
{
	archiveVersion = 1;
	classes = {
	};
	objectVersion = 70;
	objects = {

/* Begin PBXBuildFile section */
		2FAD9763203C412B000D30F8 /* config.xml in Resources */ = {isa = PBXBuildFile; fileRef = 2FAD9762203C412B000D30F8 /* config.xml */; };
		4D22ABE92AF431CB00220026 /* CapApp-SPM in Frameworks */ = {isa = PBXBuildFile; productRef = 4D22ABE82AF431CB00220026 /* CapApp-SPM */; };
		50379B232058CBB4000EE86E /* capacitor.config.json in Resources */ = {isa = PBXBuildFile; fileRef = 50379B222058CBB4000EE86E /* capacitor.config.json */; };
		504EC3081FED79650016851F /* AppDelegate.swift in Sources */ = {isa = PBXBuildFile; fileRef = 504EC3071FED79650016851F /* AppDelegate.swift */; };
		504EC30D1FED79650016851F /* Main.storyboard in Resources */ = {isa = PBXBuildFile; fileRef = 504EC30B1FED79650016851F /* Main.storyboard */; };
		504EC30F1FED79650016851F /* Assets.xcassets in Resources */ = {isa = PBXBuildFile; fileRef = 504EC30E1FED79650016851F /* Assets.xcassets */; };
		504EC3121FED79650016851F /* LaunchScreen.storyboard in Resources */ = {isa = PBXBuildFile; fileRef = 504EC3101FED79650016851F /* LaunchScreen.storyboard */; };
		50B271D11FEDC1A000F3C39B /* public in Resources */ = {isa = PBXBuildFile; fileRef = 50B271D01FEDC1A000F3C39B /* public */; };
		D149039F2FFF9FBC00196F22 /* GoogleService-Info.plist in Resources */ = {isa = PBXBuildFile; fileRef = D149039E2FFF9FBC00196F22 /* GoogleService-Info.plist */; };
		D1A9C4EF300100AA003A7913 /* CallKitManager.swift in Sources */ = {isa = PBXBuildFile; fileRef = D1A9C4EE300100AA003A7913 /* CallKitManager.swift */; };
		D1A9C4F1300100B6003A7913 /* CallKitVoipPlugin.swift in Sources */ = {isa = PBXBuildFile; fileRef = D1A9C4F0300100B6003A7913 /* CallKitVoipPlugin.swift */; };
		D1AAF5503002D68A003C32D2 /* LiveKit in Frameworks */ = {isa = PBXBuildFile; productRef = D1AAF54F3002D68A003C32D2 /* LiveKit */; };
		D1AAF5533002D9C0003C32D2 /* LiveKitCallManager.swift in Sources */ = {isa = PBXBuildFile; fileRef = D1AAF5513002D9C0003C32D2 /* LiveKitCallManager.swift */; };
		D1AAF5543002D9C0003C32D2 /* LiveKitCallPlugin.swift in Sources */ = {isa = PBXBuildFile; fileRef = D1AAF5523002D9C0003C32D2 /* LiveKitCallPlugin.swift */; };
		D1AAF55C3003A6E8003C32D2 /* ReplayKit.framework in Frameworks */ = {isa = PBXBuildFile; fileRef = D1AAF55B3003A6E8003C32D2 /* ReplayKit.framework */; };
		D1AAF5633003A6E8003C32D2 /* BroadcastExtension.appex in Embed Foundation Extensions */ = {isa = PBXBuildFile; fileRef = D1AAF5593003A6E8003C32D2 /* BroadcastExtension.appex */; settings = {ATTRIBUTES = (RemoveHeadersOnCopy, ); }; };
		D1AAF56B3003A87B003C32D2 /* LiveKit in Frameworks */ = {isa = PBXBuildFile; productRef = D1AAF56A3003A87B003C32D2 /* LiveKit */; };
/* End PBXBuildFile section */

/* Begin PBXContainerItemProxy section */
		D1AAF5613003A6E8003C32D2 /* PBXContainerItemProxy */ = {
			isa = PBXContainerItemProxy;
			containerPortal = 504EC2FC1FED79650016851F /* Project object */;
			proxyType = 1;
			remoteGlobalIDString = D1AAF5583003A6E8003C32D2;
			remoteInfo = BroadcastExtension;
		};
/* End PBXContainerItemProxy section */

/* Begin PBXCopyFilesBuildPhase section */
		D1AAF5683003A6E8003C32D2 /* Embed Foundation Extensions */ = {
			isa = PBXCopyFilesBuildPhase;
			buildActionMask = 2147483647;
			dstPath = "";
			dstSubfolderSpec = 13;
			files = (
				D1AAF5633003A6E8003C32D2 /* BroadcastExtension.appex in Embed Foundation Extensions */,
			);
			name = "Embed Foundation Extensions";
			runOnlyForDeploymentPostprocessing = 0;
		};
/* End PBXCopyFilesBuildPhase section */

/* Begin PBXFileReference section */
		2FAD9762203C412B000D30F8 /* config.xml */ = {isa = PBXFileReference; lastKnownFileType = text.xml; path = config.xml; sourceTree = "<group>"; };
		50379B222058CBB4000EE86E /* capacitor.config.json */ = {isa = PBXFileReference; fileEncoding = 4; lastKnownFileType = text.json; path = capacitor.config.json; sourceTree = "<group>"; };
		504EC3041FED79650016851F /* Uzaktan Şantiye.app */ = {isa = PBXFileReference; explicitFileType = wrapper.application; includeInIndex = 0; path = "Uzaktan Şantiye.app"; sourceTree = BUILT_PRODUCTS_DIR; };
		504EC3071FED79650016851F /* AppDelegate.swift */ = {isa = PBXFileReference; lastKnownFileType = sourcecode.swift; path = AppDelegate.swift; sourceTree = "<group>"; };
		504EC30C1FED79650016851F /* Base */ = {isa = PBXFileReference; lastKnownFileType = file.storyboard; name = Base; path = Base.lproj/Main.storyboard; sourceTree = "<group>"; };
		504EC30E1FED79650016851F /* Assets.xcassets */ = {isa = PBXFileReference; lastKnownFileType = folder.assetcatalog; path = Assets.xcassets; sourceTree = "<group>"; };
		504EC3111FED79650016851F /* Base */ = {isa = PBXFileReference; lastKnownFileType = file.storyboard; name = Base; path = Base.lproj/LaunchScreen.storyboard; sourceTree = "<group>"; };
		504EC3131FED79650016851F /* Info.plist */ = {isa = PBXFileReference; lastKnownFileType = text.plist.xml; path = Info.plist; sourceTree = "<group>"; };
		50B271D01FEDC1A000F3C39B /* public */ = {isa = PBXFileReference; lastKnownFileType = folder; path = public; sourceTree = "<group>"; };
		958DCC722DB07C7200EA8C5F /* debug.xcconfig */ = {isa = PBXFileReference; lastKnownFileType = text.xcconfig; name = debug.xcconfig; path = ../debug.xcconfig; sourceTree = SOURCE_ROOT; };
		D149039E2FFF9FBC00196F22 /* GoogleService-Info.plist */ = {isa = PBXFileReference; lastKnownFileType = text.plist.xml; path = "GoogleService-Info.plist"; sourceTree = "<group>"; };
		D14903A02FFF9FF900196F22 /* Uzaktan Şantiye.entitlements */ = {isa = PBXFileReference; lastKnownFileType = text.plist.entitlements; path = "Uzaktan Şantiye.entitlements"; sourceTree = "<group>"; };
		D1A9C4EE300100AA003A7913 /* CallKitManager.swift */ = {isa = PBXFileReference; lastKnownFileType = sourcecode.swift; path = CallKitManager.swift; sourceTree = "<group>"; };
		D1A9C4F0300100B6003A7913 /* CallKitVoipPlugin.swift */ = {isa = PBXFileReference; lastKnownFileType = sourcecode.swift; path = CallKitVoipPlugin.swift; sourceTree = "<group>"; };
		D1AAF5513002D9C0003C32D2 /* LiveKitCallManager.swift */ = {isa = PBXFileReference; lastKnownFileType = sourcecode.swift; path = LiveKitCallManager.swift; sourceTree = "<group>"; };
		D1AAF5523002D9C0003C32D2 /* LiveKitCallPlugin.swift */ = {isa = PBXFileReference; lastKnownFileType = sourcecode.swift; path = LiveKitCallPlugin.swift; sourceTree = "<group>"; };
		D1AAF5593003A6E8003C32D2 /* BroadcastExtension.appex */ = {isa = PBXFileReference; explicitFileType = "wrapper.app-extension"; includeInIndex = 0; path = BroadcastExtension.appex; sourceTree = BUILT_PRODUCTS_DIR; };
		D1AAF55B3003A6E8003C32D2 /* ReplayKit.framework */ = {isa = PBXFileReference; lastKnownFileType = wrapper.framework; name = ReplayKit.framework; path = System/Library/Frameworks/ReplayKit.framework; sourceTree = SDKROOT; };
/* End PBXFileReference section */

/* Begin PBXFileSystemSynchronizedBuildFileExceptionSet section */
		D1AAF5643003A6E8003C32D2 /* PBXFileSystemSynchronizedBuildFileExceptionSet */ = {
			isa = PBXFileSystemSynchronizedBuildFileExceptionSet;
			membershipExceptions = (
				Info.plist,
			);
			target = D1AAF5583003A6E8003C32D2 /* BroadcastExtension */;
		};
/* End PBXFileSystemSynchronizedBuildFileExceptionSet section */

/* Begin PBXFileSystemSynchronizedRootGroup section */
		D1AAF55D3003A6E8003C32D2 /* BroadcastExtension */ = {isa = PBXFileSystemSynchronizedRootGroup; exceptions = (D1AAF5643003A6E8003C32D2 /* PBXFileSystemSynchronizedBuildFileExceptionSet */, ); explicitFileTypes = {}; explicitFolders = (); path = BroadcastExtension; sourceTree = "<group>"; };
/* End PBXFileSystemSynchronizedRootGroup section */

/* Begin PBXFrameworksBuildPhase section */
		504EC3011FED79650016851F /* Frameworks */ = {
			isa = PBXFrameworksBuildPhase;
			buildActionMask = 2147483647;
			files = (
				4D22ABE92AF431CB00220026 /* CapApp-SPM in Frameworks */,
				D1AAF5503002D68A003C32D2 /* LiveKit in Frameworks */,
			);
			runOnlyForDeploymentPostprocessing = 0;
		};
		D1AAF5563003A6E8003C32D2 /* Frameworks */ = {
			isa = PBXFrameworksBuildPhase;
			buildActionMask = 2147483647;
			files = (
				D1AAF55C3003A6E8003C32D2 /* ReplayKit.framework in Frameworks */,
				D1AAF56B3003A87B003C32D2 /* LiveKit in Frameworks */,
			);
			runOnlyForDeploymentPostprocessing = 0;
		};
/* End PBXFrameworksBuildPhase section */

/* Begin PBXGroup section */
		504EC2FB1FED79650016851F = {
			isa = PBXGroup;
			children = (
				D1AAF5513002D9C0003C32D2 /* LiveKitCallManager.swift */,
				D1AAF5523002D9C0003C32D2 /* LiveKitCallPlugin.swift */,
				D14903A02FFF9FF900196F22 /* Uzaktan Şantiye.entitlements */,
				958DCC722DB07C7200EA8C5F /* debug.xcconfig */,
				504EC3061FED79650016851F /* App */,
				D1AAF55D3003A6E8003C32D2 /* BroadcastExtension */,
				D1AAF55A3003A6E8003C32D2 /* Frameworks */,
				504EC3051FED79650016851F /* Products */,
			);
			sourceTree = "<group>";
		};
		504EC3051FED79650016851F /* Products */ = {
			isa = PBXGroup;
			children = (
				504EC3041FED79650016851F /* Uzaktan Şantiye.app */,
				D1AAF5593003A6E8003C32D2 /* BroadcastExtension.appex */,
			);
			name = Products;
			sourceTree = "<group>";
		};
		504EC3061FED79650016851F /* App */ = {
			isa = PBXGroup;
			children = (
				D1A9C4F0300100B6003A7913 /* CallKitVoipPlugin.swift */,
				D1A9C4EE300100AA003A7913 /* CallKitManager.swift */,
				D149039E2FFF9FBC00196F22 /* GoogleService-Info.plist */,
				50379B222058CBB4000EE86E /* capacitor.config.json */,
				504EC3071FED79650016851F /* AppDelegate.swift */,
				504EC30B1FED79650016851F /* Main.storyboard */,
				504EC30E1FED79650016851F /* Assets.xcassets */,
				504EC3101FED79650016851F /* LaunchScreen.storyboard */,
				504EC3131FED79650016851F /* Info.plist */,
				2FAD9762203C412B000D30F8 /* config.xml */,
				50B271D01FEDC1A000F3C39B /* public */,
			);
			path = App;
			sourceTree = "<group>";
		};
		D1AAF55A3003A6E8003C32D2 /* Frameworks */ = {
			isa = PBXGroup;
			children = (
				D1AAF55B3003A6E8003C32D2 /* ReplayKit.framework */,
			);
			name = Frameworks;
			sourceTree = "<group>";
		};
/* End PBXGroup section */

/* Begin PBXNativeTarget section */
		504EC3031FED79650016851F /* Uzaktan Şantiye */ = {
			isa = PBXNativeTarget;
			buildConfigurationList = 504EC3161FED79650016851F /* Build configuration list for PBXNativeTarget "Uzaktan Şantiye" */;
			buildPhases = (
				504EC3001FED79650016851F /* Sources */,
				504EC3011FED79650016851F /* Frameworks */,
				504EC3021FED79650016851F /* Resources */,
				D1AAF5683003A6E8003C32D2 /* Embed Foundation Extensions */,
			);
			buildRules = (
			);
			dependencies = (
				D1AAF5623003A6E8003C32D2 /* PBXTargetDependency */,
			);
			name = "Uzaktan Şantiye";
			packageProductDependencies = (
				4D22ABE82AF431CB00220026 /* CapApp-SPM */,
				D1AAF54F3002D68A003C32D2 /* LiveKit */,
			);
			productName = App;
			productReference = 504EC3041FED79650016851F /* Uzaktan Şantiye.app */;
			productType = "com.apple.product-type.application";
		};
		D1AAF5583003A6E8003C32D2 /* BroadcastExtension */ = {
			isa = PBXNativeTarget;
			buildConfigurationList = D1AAF5653003A6E8003C32D2 /* Build configuration list for PBXNativeTarget "BroadcastExtension" */;
			buildPhases = (
				D1AAF5553003A6E8003C32D2 /* Sources */,
				D1AAF5563003A6E8003C32D2 /* Frameworks */,
				D1AAF5573003A6E8003C32D2 /* Resources */,
			);
			buildRules = (
			);
			dependencies = (
			);
			fileSystemSynchronizedGroups = (
				D1AAF55D3003A6E8003C32D2 /* BroadcastExtension */,
			);
			name = BroadcastExtension;
			packageProductDependencies = (
				D1AAF56A3003A87B003C32D2 /* LiveKit */,
			);
			productName = BroadcastExtension;
			productReference = D1AAF5593003A6E8003C32D2 /* BroadcastExtension.appex */;
			productType = "com.apple.product-type.app-extension";
		};
/* End PBXNativeTarget section */

/* Begin PBXProject section */
		504EC2FC1FED79650016851F /* Project object */ = {
			isa = PBXProject;
			attributes = {
				BuildIndependentTargetsInParallel = YES;
				LastSwiftUpdateCheck = 2640;
				LastUpgradeCheck = 2640;
				TargetAttributes = {
					504EC3031FED79650016851F = {
						CreatedOnToolsVersion = 9.2;
						LastSwiftMigration = 1100;
						ProvisioningStyle = Automatic;
					};
					D1AAF5583003A6E8003C32D2 = {
						CreatedOnToolsVersion = 26.4.1;
					};
				};
			};
			buildConfigurationList = 504EC2FF1FED79650016851F /* Build configuration list for PBXProject "App" */;
			compatibilityVersion = "Xcode 8.0";
			developmentRegion = en;
			hasScannedForEncodings = 0;
			knownRegions = (
				en,
				Base,
			);
			mainGroup = 504EC2FB1FED79650016851F;
			packageReferences = (
				D4C12C0A2AAA248700AAC8A2 /* XCLocalSwiftPackageReference "CapApp-SPM" */,
				D1AAF54E3002D68A003C32D2 /* XCRemoteSwiftPackageReference "client-sdk-swift" */,
			);
			productRefGroup = 504EC3051FED79650016851F /* Products */;
			projectDirPath = "";
			projectRoot = "";
			targets = (
				504EC3031FED79650016851F /* Uzaktan Şantiye */,
				D1AAF5583003A6E8003C32D2 /* BroadcastExtension */,
			);
		};
/* End PBXProject section */

/* Begin PBXResourcesBuildPhase section */
		504EC3021FED79650016851F /* Resources */ = {
			isa = PBXResourcesBuildPhase;
			buildActionMask = 2147483647;
			files = (
				504EC3121FED79650016851F /* LaunchScreen.storyboard in Resources */,
				50B271D11FEDC1A000F3C39B /* public in Resources */,
				504EC30F1FED79650016851F /* Assets.xcassets in Resources */,
				50379B232058CBB4000EE86E /* capacitor.config.json in Resources */,
				504EC30D1FED79650016851F /* Main.storyboard in Resources */,
				2FAD9763203C412B000D30F8 /* config.xml in Resources */,
				D149039F2FFF9FBC00196F22 /* GoogleService-Info.plist in Resources */,
			);
			runOnlyForDeploymentPostprocessing = 0;
		};
		D1AAF5573003A6E8003C32D2 /* Resources */ = {
			isa = PBXResourcesBuildPhase;
			buildActionMask = 2147483647;
			files = (
			);
			runOnlyForDeploymentPostprocessing = 0;
		};
/* End PBXResourcesBuildPhase section */

/* Begin PBXSourcesBuildPhase section */
		504EC3001FED79650016851F /* Sources */ = {
			isa = PBXSourcesBuildPhase;
			buildActionMask = 2147483647;
			files = (
				D1A9C4EF300100AA003A7913 /* CallKitManager.swift in Sources */,
				504EC3081FED79650016851F /* AppDelegate.swift in Sources */,
				D1A9C4F1300100B6003A7913 /* CallKitVoipPlugin.swift in Sources */,
				D1AAF5533002D9C0003C32D2 /* LiveKitCallManager.swift in Sources */,
				D1AAF5543002D9C0003C32D2 /* LiveKitCallPlugin.swift in Sources */,
			);
			runOnlyForDeploymentPostprocessing = 0;
		};
		D1AAF5553003A6E8003C32D2 /* Sources */ = {
			isa = PBXSourcesBuildPhase;
			buildActionMask = 2147483647;
			files = (
			);
			runOnlyForDeploymentPostprocessing = 0;
		};
/* End PBXSourcesBuildPhase section */

/* Begin PBXTargetDependency section */
		D1AAF5623003A6E8003C32D2 /* PBXTargetDependency */ = {
			isa = PBXTargetDependency;
			target = D1AAF5583003A6E8003C32D2 /* BroadcastExtension */;
			targetProxy = D1AAF5613003A6E8003C32D2 /* PBXContainerItemProxy */;
		};
/* End PBXTargetDependency section */

/* Begin PBXVariantGroup section */
		504EC30B1FED79650016851F /* Main.storyboard */ = {
			isa = PBXVariantGroup;
			children = (
				504EC30C1FED79650016851F /* Base */,
			);
			name = Main.storyboard;
			sourceTree = "<group>";
		};
		504EC3101FED79650016851F /* LaunchScreen.storyboard */ = {
			isa = PBXVariantGroup;
			children = (
				504EC3111FED79650016851F /* Base */,
			);
			name = LaunchScreen.storyboard;
			sourceTree = "<group>";
		};
/* End PBXVariantGroup section */

/* Begin XCBuildConfiguration section */
		504EC3141FED79650016851F /* Debug */ = {
			isa = XCBuildConfiguration;
			baseConfigurationReference = 958DCC722DB07C7200EA8C5F /* debug.xcconfig */;
			buildSettings = {
				ALWAYS_SEARCH_USER_PATHS = NO;
				CLANG_ANALYZER_NONNULL = YES;
				CLANG_ANALYZER_NUMBER_OBJECT_CONVERSION = YES_AGGRESSIVE;
				CLANG_CXX_LANGUAGE_STANDARD = "gnu++14";
				CLANG_CXX_LIBRARY = "libc++";
				CLANG_ENABLE_MODULES = YES;
				CLANG_ENABLE_OBJC_ARC = YES;
				CLANG_WARN_BLOCK_CAPTURE_AUTORELEASING = YES;
				CLANG_WARN_BOOL_CONVERSION = YES;
				CLANG_WARN_COMMA = YES;
				CLANG_WARN_CONSTANT_CONVERSION = YES;
				CLANG_WARN_DEPRECATED_OBJC_IMPLEMENTATIONS = YES;
				CLANG_WARN_DIRECT_OBJC_ISA_USAGE = YES_ERROR;
				CLANG_WARN_DOCUMENTATION_COMMENTS = YES;
				CLANG_WARN_EMPTY_BODY = YES;
				CLANG_WARN_ENUM_CONVERSION = YES;
				CLANG_WARN_INFINITE_RECURSION = YES;
				CLANG_WARN_INT_CONVERSION = YES;
				CLANG_WARN_NON_LITERAL_NULL_CONVERSION = YES;
				CLANG_WARN_OBJC_IMPLICIT_RETAIN_SELF = YES;
				CLANG_WARN_OBJC_LITERAL_CONVERSION = YES;
				CLANG_WARN_OBJC_ROOT_CLASS = YES_ERROR;
				CLANG_WARN_QUOTED_INCLUDE_IN_FRAMEWORK_HEADER = YES;
				CLANG_WARN_RANGE_LOOP_ANALYSIS = YES;
				CLANG_WARN_STRICT_PROTOTYPES = YES;
				CLANG_WARN_SUSPICIOUS_MOVE = YES;
				CLANG_WARN_UNGUARDED_AVAILABILITY = YES_AGGRESSIVE;
				CLANG_WARN_UNREACHABLE_CODE = YES;
				CLANG_WARN__DUPLICATE_METHOD_MATCH = YES;
				CODE_SIGN_IDENTITY = "iPhone Developer";
				COPY_PHASE_STRIP = NO;
				DEBUG_INFORMATION_FORMAT = dwarf;
				DEVELOPMENT_TEAM = 842N7S3LR8;
				ENABLE_STRICT_OBJC_MSGSEND = YES;
				ENABLE_TESTABILITY = YES;
				ENABLE_USER_SCRIPT_SANDBOXING = YES;
				GCC_C_LANGUAGE_STANDARD = gnu11;
				GCC_DYNAMIC_NO_PIC = NO;
				GCC_NO_COMMON_BLOCKS = YES;
				GCC_OPTIMIZATION_LEVEL = 0;
				GCC_PREPROCESSOR_DEFINITIONS = (
					"DEBUG=1",
					"$(inherited)",
				);
				GCC_WARN_64_TO_32_BIT_CONVERSION = YES;
				GCC_WARN_ABOUT_RETURN_TYPE = YES_ERROR;
				GCC_WARN_UNDECLARED_SELECTOR = YES;
				GCC_WARN_UNINITIALIZED_AUTOS = YES_AGGRESSIVE;
				GCC_WARN_UNUSED_FUNCTION = YES;
				GCC_WARN_UNUSED_VARIABLE = YES;
				IPHONEOS_DEPLOYMENT_TARGET = 15.0;
				MTL_ENABLE_DEBUG_INFO = YES;
				ONLY_ACTIVE_ARCH = YES;
				SDKROOT = iphoneos;
				STRING_CATALOG_GENERATE_SYMBOLS = YES;
				SWIFT_ACTIVE_COMPILATION_CONDITIONS = DEBUG;
				SWIFT_OPTIMIZATION_LEVEL = "-Onone";
			};
			name = Debug;
		};
		504EC3151FED79650016851F /* Release */ = {
			isa = XCBuildConfiguration;
			buildSettings = {
				ALWAYS_SEARCH_USER_PATHS = NO;
				CLANG_ANALYZER_NONNULL = YES;
				CLANG_ANALYZER_NUMBER_OBJECT_CONVERSION = YES_AGGRESSIVE;
				CLANG_CXX_LANGUAGE_STANDARD = "gnu++14";
				CLANG_CXX_LIBRARY = "libc++";
				CLANG_ENABLE_MODULES = YES;
				CLANG_ENABLE_OBJC_ARC = YES;
				CLANG_WARN_BLOCK_CAPTURE_AUTORELEASING = YES;
				CLANG_WARN_BOOL_CONVERSION = YES;
				CLANG_WARN_COMMA = YES;
				CLANG_WARN_CONSTANT_CONVERSION = YES;
				CLANG_WARN_DEPRECATED_OBJC_IMPLEMENTATIONS = YES;
				CLANG_WARN_DIRECT_OBJC_ISA_USAGE = YES_ERROR;
				CLANG_WARN_DOCUMENTATION_COMMENTS = YES;
				CLANG_WARN_EMPTY_BODY = YES;
				CLANG_WARN_ENUM_CONVERSION = YES;
				CLANG_WARN_INFINITE_RECURSION = YES;
				CLANG_WARN_INT_CONVERSION = YES;
				CLANG_WARN_NON_LITERAL_NULL_CONVERSION = YES;
				CLANG_WARN_OBJC_IMPLICIT_RETAIN_SELF = YES;
				CLANG_WARN_OBJC_LITERAL_CONVERSION = YES;
				CLANG_WARN_OBJC_ROOT_CLASS = YES_ERROR;
				CLANG_WARN_QUOTED_INCLUDE_IN_FRAMEWORK_HEADER = YES;
				CLANG_WARN_RANGE_LOOP_ANALYSIS = YES;
				CLANG_WARN_STRICT_PROTOTYPES = YES;
				CLANG_WARN_SUSPICIOUS_MOVE = YES;
				CLANG_WARN_UNGUARDED_AVAILABILITY = YES_AGGRESSIVE;
				CLANG_WARN_UNREACHABLE_CODE = YES;
				CLANG_WARN__DUPLICATE_METHOD_MATCH = YES;
				CODE_SIGN_IDENTITY = "iPhone Developer";
				COPY_PHASE_STRIP = NO;
				DEBUG_INFORMATION_FORMAT = "dwarf-with-dsym";
				DEVELOPMENT_TEAM = 842N7S3LR8;
				ENABLE_NS_ASSERTIONS = NO;
				ENABLE_STRICT_OBJC_MSGSEND = YES;
				ENABLE_USER_SCRIPT_SANDBOXING = YES;
				GCC_C_LANGUAGE_STANDARD = gnu11;
				GCC_NO_COMMON_BLOCKS = YES;
				GCC_WARN_64_TO_32_BIT_CONVERSION = YES;
				GCC_WARN_ABOUT_RETURN_TYPE = YES_ERROR;
				GCC_WARN_UNDECLARED_SELECTOR = YES;
				GCC_WARN_UNINITIALIZED_AUTOS = YES_AGGRESSIVE;
				GCC_WARN_UNUSED_FUNCTION = YES;
				GCC_WARN_UNUSED_VARIABLE = YES;
				IPHONEOS_DEPLOYMENT_TARGET = 15.0;
				MTL_ENABLE_DEBUG_INFO = NO;
				SDKROOT = iphoneos;
				STRING_CATALOG_GENERATE_SYMBOLS = YES;
				SWIFT_COMPILATION_MODE = wholemodule;
				SWIFT_OPTIMIZATION_LEVEL = "-O";
				VALIDATE_PRODUCT = YES;
			};
			name = Release;
		};
		504EC3171FED79650016851F /* Debug */ = {
			isa = XCBuildConfiguration;
			baseConfigurationReference = 958DCC722DB07C7200EA8C5F /* debug.xcconfig */;
			buildSettings = {
				ASSETCATALOG_COMPILER_APPICON_NAME = AppIcon;
				CODE_SIGN_ENTITLEMENTS = "Uzaktan Şantiye.entitlements";
				CODE_SIGN_STYLE = Automatic;
				CURRENT_PROJECT_VERSION = 1;
				DEVELOPMENT_TEAM = M254VNMF38;
				INFOPLIST_FILE = App/Info.plist;
				IPHONEOS_DEPLOYMENT_TARGET = 15.0;
				LD_RUNPATH_SEARCH_PATHS = (
					"$(inherited)",
					"@executable_path/Frameworks",
				);
				MARKETING_VERSION = 1.0;
				OTHER_SWIFT_FLAGS = "$(inherited) \"-D\" \"COCOAPODS\" \"-DDEBUG\"";
				PRODUCT_BUNDLE_IDENTIFIER = com.mesalegrup.uzaktansantiye;
				PRODUCT_NAME = "$(TARGET_NAME)";
				SWIFT_ACTIVE_COMPILATION_CONDITIONS = DEBUG;
				SWIFT_VERSION = 5.0;
				TARGETED_DEVICE_FAMILY = "1,2";
			};
			name = Debug;
		};
		504EC3181FED79650016851F /* Release */ = {
			isa = XCBuildConfiguration;
			buildSettings = {
				ASSETCATALOG_COMPILER_APPICON_NAME = AppIcon;
				CODE_SIGN_ENTITLEMENTS = "Uzaktan Şantiye.entitlements";
				CODE_SIGN_STYLE = Automatic;
				CURRENT_PROJECT_VERSION = 1;
				DEVELOPMENT_TEAM = M254VNMF38;
				INFOPLIST_FILE = App/Info.plist;
				IPHONEOS_DEPLOYMENT_TARGET = 15.0;
				LD_RUNPATH_SEARCH_PATHS = (
					"$(inherited)",
					"@executable_path/Frameworks",
				);
				MARKETING_VERSION = 1.0;
				PRODUCT_BUNDLE_IDENTIFIER = com.mesalegrup.uzaktansantiye;
				PRODUCT_NAME = "$(TARGET_NAME)";
				SWIFT_ACTIVE_COMPILATION_CONDITIONS = "";
				SWIFT_VERSION = 5.0;
				TARGETED_DEVICE_FAMILY = "1,2";
			};
			name = Release;
		};
		D1AAF5663003A6E8003C32D2 /* Debug */ = {
			isa = XCBuildConfiguration;
			buildSettings = {
				ASSETCATALOG_COMPILER_GENERATE_SWIFT_ASSET_SYMBOL_EXTENSIONS = YES;
				CLANG_CXX_LANGUAGE_STANDARD = "gnu++20";
				CLANG_ENABLE_OBJC_WEAK = YES;
				CODE_SIGN_ENTITLEMENTS = BroadcastExtension/BroadcastExtension.entitlements;
				CODE_SIGN_STYLE = Automatic;
				CURRENT_PROJECT_VERSION = 1;
				DEVELOPMENT_TEAM = M254VNMF38;
				GCC_C_LANGUAGE_STANDARD = gnu17;
				GENERATE_INFOPLIST_FILE = YES;
				INFOPLIST_FILE = BroadcastExtension/Info.plist;
				INFOPLIST_KEY_CFBundleDisplayName = BroadcastExtension;
				INFOPLIST_KEY_NSHumanReadableCopyright = "";
				IPHONEOS_DEPLOYMENT_TARGET = 15.6;
				LD_RUNPATH_SEARCH_PATHS = (
					"$(inherited)",
					"@executable_path/Frameworks",
					"@executable_path/../../Frameworks",
				);
				LOCALIZATION_PREFERS_STRING_CATALOGS = YES;
				MARKETING_VERSION = 1.0;
				MTL_ENABLE_DEBUG_INFO = INCLUDE_SOURCE;
				MTL_FAST_MATH = YES;
				PRODUCT_BUNDLE_IDENTIFIER = com.mesalegrup.uzaktansantiye.broadcast;
				PRODUCT_NAME = "$(TARGET_NAME)";
				SKIP_INSTALL = YES;
				STRING_CATALOG_GENERATE_SYMBOLS = YES;
				SWIFT_ACTIVE_COMPILATION_CONDITIONS = "DEBUG $(inherited)";
				SWIFT_APPROACHABLE_CONCURRENCY = YES;
				SWIFT_EMIT_LOC_STRINGS = YES;
				SWIFT_UPCOMING_FEATURE_MEMBER_IMPORT_VISIBILITY = YES;
				SWIFT_VERSION = 5.0;
				TARGETED_DEVICE_FAMILY = "1,2";
			};
			name = Debug;
		};
		D1AAF5673003A6E8003C32D2 /* Release */ = {
			isa = XCBuildConfiguration;
			buildSettings = {
				ASSETCATALOG_COMPILER_GENERATE_SWIFT_ASSET_SYMBOL_EXTENSIONS = YES;
				CLANG_CXX_LANGUAGE_STANDARD = "gnu++20";
				CLANG_ENABLE_OBJC_WEAK = YES;
				CODE_SIGN_ENTITLEMENTS = BroadcastExtension/BroadcastExtension.entitlements;
				CODE_SIGN_STYLE = Automatic;
				CURRENT_PROJECT_VERSION = 1;
				DEVELOPMENT_TEAM = M254VNMF38;
				GCC_C_LANGUAGE_STANDARD = gnu17;
				GENERATE_INFOPLIST_FILE = YES;
				INFOPLIST_FILE = BroadcastExtension/Info.plist;
				INFOPLIST_KEY_CFBundleDisplayName = BroadcastExtension;
				INFOPLIST_KEY_NSHumanReadableCopyright = "";
				IPHONEOS_DEPLOYMENT_TARGET = 15.6;
				LD_RUNPATH_SEARCH_PATHS = (
					"$(inherited)",
					"@executable_path/Frameworks",
					"@executable_path/../../Frameworks",
				);
				LOCALIZATION_PREFERS_STRING_CATALOGS = YES;
				MARKETING_VERSION = 1.0;
				MTL_FAST_MATH = YES;
				PRODUCT_BUNDLE_IDENTIFIER = com.mesalegrup.uzaktansantiye.broadcast;
				PRODUCT_NAME = "$(TARGET_NAME)";
				SKIP_INSTALL = YES;
				STRING_CATALOG_GENERATE_SYMBOLS = YES;
				SWIFT_APPROACHABLE_CONCURRENCY = YES;
				SWIFT_EMIT_LOC_STRINGS = YES;
				SWIFT_UPCOMING_FEATURE_MEMBER_IMPORT_VISIBILITY = YES;
				SWIFT_VERSION = 5.0;
				TARGETED_DEVICE_FAMILY = "1,2";
			};
			name = Release;
		};
/* End XCBuildConfiguration section */

/* Begin XCConfigurationList section */
		504EC2FF1FED79650016851F /* Build configuration list for PBXProject "App" */ = {
			isa = XCConfigurationList;
			buildConfigurations = (
				504EC3141FED79650016851F /* Debug */,
				504EC3151FED79650016851F /* Release */,
			);
			defaultConfigurationIsVisible = 0;
			defaultConfigurationName = Release;
		};
		504EC3161FED79650016851F /* Build configuration list for PBXNativeTarget "Uzaktan Şantiye" */ = {
			isa = XCConfigurationList;
			buildConfigurations = (
				504EC3171FED79650016851F /* Debug */,
				504EC3181FED79650016851F /* Release */,
			);
			defaultConfigurationIsVisible = 0;
			defaultConfigurationName = Release;
		};
		D1AAF5653003A6E8003C32D2 /* Build configuration list for PBXNativeTarget "BroadcastExtension" */ = {
			isa = XCConfigurationList;
			buildConfigurations = (
				D1AAF5663003A6E8003C32D2 /* Debug */,
				D1AAF5673003A6E8003C32D2 /* Release */,
			);
			defaultConfigurationIsVisible = 0;
			defaultConfigurationName = Release;
		};
/* End XCConfigurationList section */

/* Begin XCLocalSwiftPackageReference section */
		D4C12C0A2AAA248700AAC8A2 /* XCLocalSwiftPackageReference "CapApp-SPM" */ = {
			isa = XCLocalSwiftPackageReference;
			relativePath = "CapApp-SPM";
		};
/* End XCLocalSwiftPackageReference section */

/* Begin XCRemoteSwiftPackageReference section */
		D1AAF54E3002D68A003C32D2 /* XCRemoteSwiftPackageReference "client-sdk-swift" */ = {
			isa = XCRemoteSwiftPackageReference;
			repositoryURL = "https://github.com/livekit/client-sdk-swift";
			requirement = {
				kind = upToNextMajorVersion;
				minimumVersion = 2.15.1;
			};
		};
/* End XCRemoteSwiftPackageReference section */

/* Begin XCSwiftPackageProductDependency section */
		4D22ABE82AF431CB00220026 /* CapApp-SPM */ = {
			isa = XCSwiftPackageProductDependency;
			package = D4C12C0A2AAA248700AAC8A2 /* XCLocalSwiftPackageReference "CapApp-SPM" */;
			productName = "CapApp-SPM";
		};
		D1AAF54F3002D68A003C32D2 /* LiveKit */ = {
			isa = XCSwiftPackageProductDependency;
			package = D1AAF54E3002D68A003C32D2 /* XCRemoteSwiftPackageReference "client-sdk-swift" */;
			productName = LiveKit;
		};
		D1AAF56A3003A87B003C32D2 /* LiveKit */ = {
			isa = XCSwiftPackageProductDependency;
			package = D1AAF54E3002D68A003C32D2 /* XCRemoteSwiftPackageReference "client-sdk-swift" */;
			productName = LiveKit;
		};
/* End XCSwiftPackageProductDependency section */
	};
	rootObject = 504EC2FC1FED79650016851F /* Project object */;
}
